
Microsoft Visual Studio Solution File, Format Version 12.00
# Visual Studio Version 16
VisualStudioVersion = 16.0.32106.194
MinimumVisualStudioVersion = 10.0.40219.1
Project("{FAE04EC0-301F-11D3-BF4B-00C04F79EFBC}") = "ProjetoCalculadora", "ProjetoCalculadora\ProjetoCalculadora.csproj", "{B1C9824D-CA50-4ECC-B4A9-A898C8734CB3}"
EndProject
Global
	GlobalSection(SolutionConfigurationPlatforms) = preSolution
		Debug|Any CPU = Debug|Any CPU
		Release|Any CPU = Release|Any CPU
	EndGlobalSection
	GlobalSection(ProjectConfigurationPlatforms) = postSolution
		{B1C9824D-CA50-4ECC-B4A9-A898C8734CB3}.Debug|Any CPU.ActiveCfg = Debug|Any CPU
		{B1C9824D-CA50-4ECC-B4A9-A898C8734CB3}.Debug|Any CPU.Build.0 = Debug|Any CPU
		{B1C9824D-CA50-4ECC-B4A9-A898C8734CB3}.Release|Any CPU.ActiveCfg = Release|Any CPU
		{B1C9824D-CA50-4ECC-B4A9-A898C8734CB3}.Release|Any CPU.Build.0 = Release|Any CPU
	EndGlobalSection
	GlobalSection(SolutionProperties) = preSolution
		HideSolutionNode = FALSE
	EndGlobalSection
	GlobalSection(ExtensibilityGlobals) = postSolution
		SolutionGuid = {604005B8-FCB9-48C0-942E-0CAF1F2E90F9}
	EndGlobalSection
EndGlobal
